
Microsoft Visual Studio Solution File, Format Version 12.00
# Visual Studio Version 17
VisualStudioVersion = 17.14.36429.23
MinimumVisualStudioVersion = 10.0.40219.1
Project("{FAE04EC0-301F-11D3-BF4B-00C04F79EFBC}") = "Labb2_DungeonCrawler", "Labb2_DungeonCrawler\Labb2_DungeonCrawler.csproj", "{4FA23FA5-8692-42A5-97DE-3CB8CFA48386}"
EndProject
Global
	GlobalSection(SolutionConfigurationPlatforms) = preSolution
		Debug|Any CPU = Debug|Any CPU
		Release|Any CPU = Release|Any CPU
	EndGlobalSection
	GlobalSection(ProjectConfigurationPlatforms) = postSolution
		{4FA23FA5-8692-42A5-97DE-3CB8CFA48386}.Debug|Any CPU.ActiveCfg = Debug|Any CPU
		{4FA23FA5-8692-42A5-97DE-3CB8CFA48386}.Debug|Any CPU.Build.0 = Debug|Any CPU
		{4FA23FA5-8692-42A5-97DE-3CB8CFA48386}.Release|Any CPU.ActiveCfg = Release|Any CPU
		{4FA23FA5-8692-42A5-97DE-3CB8CFA48386}.Release|Any CPU.Build.0 = Release|Any CPU
	EndGlobalSection
	GlobalSection(SolutionProperties) = preSolution
		HideSolutionNode = FALSE
	EndGlobalSection
	GlobalSection(ExtensibilityGlobals) = postSolution
		SolutionGuid = {796B4232-7ABE-4A5A-A0A1-49077E56DC0D}
	EndGlobalSection
EndGlobal
